
Microsoft Visual Studio Solution File, Format Version 12.00
# Visual Studio Version 17
VisualStudioVersion = 17.3.32922.545
MinimumVisualStudioVersion = 10.0.40219.1
Project("{FAE04EC0-301F-11D3-BF4B-00C04F79EFBC}") = "ShoppingList", "ShoppingList.csproj", "{C2608668-5AE5-4FCE-81A9-ABE845C5687B}"
EndProject
Global
	GlobalSection(SolutionConfigurationPlatforms) = preSolution
		Debug|Any CPU = Debug|Any CPU
		Release|Any CPU = Release|Any CPU
	EndGlobalSection
	GlobalSection(ProjectConfigurationPlatforms) = postSolution
		{C2608668-5AE5-4FCE-81A9-ABE845C5687B}.Debug|Any CPU.ActiveCfg = Debug|Any CPU
		{C2608668-5AE5-4FCE-81A9-ABE845C5687B}.Debug|Any CPU.Build.0 = Debug|Any CPU
		{C2608668-5AE5-4FCE-81A9-ABE845C5687B}.Release|Any CPU.ActiveCfg = Release|Any CPU
		{C2608668-5AE5-4FCE-81A9-ABE845C5687B}.Release|Any CPU.Build.0 = Release|Any CPU
	EndGlobalSection
	GlobalSection(SolutionProperties) = preSolution
		HideSolutionNode = FALSE
	EndGlobalSection
	GlobalSection(ExtensibilityGlobals) = postSolution
		SolutionGuid = {CBD7FC45-D65C-43DB-BAAC-2AFBC43BF067}
	EndGlobalSection
EndGlobal
